
Microsoft Visual Studio Solution File, Format Version 12.00
# Visual Studio Version 17
VisualStudioVersion = 17.5.33502.453
MinimumVisualStudioVersion = 10.0.40219.1
Project("{FAE04EC0-301F-11D3-BF4B-00C04F79EFBC}") = "WebPrototypeST10081850PROG7311", "WebPrototypeST10081850PROG7311\WebPrototypeST10081850PROG7311.csproj", "{0AAAAB1E-E04E-447D-9110-D25DF1EAB60E}"
EndProject
Global
	GlobalSection(SolutionConfigurationPlatforms) = preSolution
		Debug|Any CPU = Debug|Any CPU
		Release|Any CPU = Release|Any CPU
	EndGlobalSection
	GlobalSection(ProjectConfigurationPlatforms) = postSolution
		{0AAAAB1E-E04E-447D-9110-D25DF1EAB60E}.Debug|Any CPU.ActiveCfg = Debug|Any CPU
		{0AAAAB1E-E04E-447D-9110-D25DF1EAB60E}.Debug|Any CPU.Build.0 = Debug|Any CPU
		{0AAAAB1E-E04E-447D-9110-D25DF1EAB60E}.Release|Any CPU.ActiveCfg = Release|Any CPU
		{0AAAAB1E-E04E-447D-9110-D25DF1EAB60E}.Release|Any CPU.Build.0 = Release|Any CPU
	EndGlobalSection
	GlobalSection(SolutionProperties) = preSolution
		HideSolutionNode = FALSE
	EndGlobalSection
	GlobalSection(ExtensibilityGlobals) = postSolution
		SolutionGuid = {0A414259-A23A-4C6B-8E82-3F7793A98EE7}
	EndGlobalSection
EndGlobal
